{
  "name": "@triumph-motorcycles/application",
  "lockfileVersion": 3,
  "requires": true,
  "packages": {
    "": {
      "name": "@triumph-motorcycles/application",
      "dependencies": {
        "@triumph-motorcycles/application": "file:"
      }
    },
    "node_modules/@triumph-motorcycles/application": {
      "resolved": "",
      "link": true
    }
  }
}
